
Microsoft Visual Studio Solution File, Format Version 12.00
Project("{2150E333-8FDC-42A3-9474-1A3956D46DE8}") = "src", "src", "{AE56001D-00AA-447B-8EFE-C5AB4A04B803}"
EndProject
Project("{2150E333-8FDC-42A3-9474-1A3956D46DE8}") = "Common", "Common", "{91855A90-82A5-426F-B993-0548C9CAFBA8}"
EndProject
Project("{2150E333-8FDC-42A3-9474-1A3956D46DE8}") = "Command", "Command", "{67853E3D-4BA5-45EB-9CE7-57DDF7469590}"
EndProject
Project("{2150E333-8FDC-42A3-9474-1A3956D46DE8}") = "Query", "Query", "{4F8C37BB-0B7C-44B9-A558-336208B96121}"
EndProject
Project("{FAE04EC0-301F-11D3-BF4B-00C04F79EFBC}") = "UserManagement.Common", "src\Common\UserManagement.Common\UserManagement.Common.csproj", "{ED8CE186-6443-4432-A9CE-EA8364970DB7}"
EndProject
Project("{2150E333-8FDC-42A3-9474-1A3956D46DE8}") = "Core", "Core", "{7055293F-A8EF-4979-A9E2-7E6EA9642784}"
EndProject
Project("{2150E333-8FDC-42A3-9474-1A3956D46DE8}") = "Infrastructure", "Infrastructure", "{FF00BFF0-8F5C-488C-84F9-DE4E63E14C5A}"
EndProject
Project("{FAE04EC0-301F-11D3-BF4B-00C04F79EFBC}") = "UserManagement.Command.API", "src\Command\UserManagement.Command.API\UserManagement.Command.API.csproj", "{50AAD317-081E-460D-8B5A-9DB5C4340B33}"
EndProject
Project("{FAE04EC0-301F-11D3-BF4B-00C04F79EFBC}") = "UserManagement.Command.Domain", "src\Command\Core\UserManagement.Command.Domain\UserManagement.Command.Domain.csproj", "{DFC1D689-9ACE-4007-9506-6FB4ABE8953D}"
EndProject
Project("{FAE04EC0-301F-11D3-BF4B-00C04F79EFBC}") = "UserManagement.Command.Application", "src\Command\Core\UserManagement.Command.Application\UserManagement.Command.Application.csproj", "{DE521DF8-A5D3-43F1-A07A-1EBD4DC4B9EE}"
EndProject
Project("{FAE04EC0-301F-11D3-BF4B-00C04F79EFBC}") = "UserManagement.Command.Infrastructure", "src\Command\Infrastructure\UserManagement.Command.Infrastructure\UserManagement.Command.Infrastructure.csproj", "{110D7104-325B-4679-88CC-91844051E0C4}"
EndProject
Project("{FAE04EC0-301F-11D3-BF4B-00C04F79EFBC}") = "UserManagement.Command.Persistence", "src\Command\Infrastructure\UserManagement.Command.Persistence\UserManagement.Command.Persistence.csproj", "{D08DB14F-8FF6-47D3-A297-2A289B5EEF61}"
EndProject
Project("{2150E333-8FDC-42A3-9474-1A3956D46DE8}") = "Core", "Core", "{E6B3ADCF-F0D6-417D-8793-C99C00C117BA}"
EndProject
Project("{2150E333-8FDC-42A3-9474-1A3956D46DE8}") = "Infrastructure", "Infrastructure", "{A45D037B-15BE-47B1-A18A-C551A7C9C492}"
EndProject
Project("{FAE04EC0-301F-11D3-BF4B-00C04F79EFBC}") = "UserManagement.Query.API", "src\Query\UserManagement.Query.API\UserManagement.Query.API.csproj", "{5EC187AA-E98D-44B6-ABCD-449B5F9AB0C0}"
EndProject
Project("{FAE04EC0-301F-11D3-BF4B-00C04F79EFBC}") = "UserManagement.Query.Domain", "src\Query\Core\UserManagement.Query.Domain\UserManagement.Query.Domain.csproj", "{39AF37CF-236A-49C7-9DEF-88D7A06766FF}"
EndProject
Project("{FAE04EC0-301F-11D3-BF4B-00C04F79EFBC}") = "UserManager.Query.Application", "src\Query\Core\UserManager.Query.Application\UserManager.Query.Application.csproj", "{F418AE16-51DE-4146-B830-290395CC0753}"
EndProject
Project("{FAE04EC0-301F-11D3-BF4B-00C04F79EFBC}") = "UserManager.Query.Infrastructure", "src\Query\Infrastructure\UserManager.Query.Infrastructure\UserManager.Query.Infrastructure.csproj", "{5E744C07-BC76-450B-BE11-8345DE821880}"
EndProject
Project("{FAE04EC0-301F-11D3-BF4B-00C04F79EFBC}") = "UserManager.Query.Persistence", "src\Query\Infrastructure\UserManager.Query.Persistence\UserManager.Query.Persistence.csproj", "{66E3ADCA-925C-4A39-9E62-8E3FBB9D2C62}"
EndProject
Project("{FAE04EC0-301F-11D3-BF4B-00C04F79EFBC}") = "MassTransitTest", "src\Command\Infrastructure\MassTransitTest\MassTransitTest.csproj", "{5B9FAFB0-D806-4EDE-A1D1-289DC440CD78}"
EndProject
Global
	GlobalSection(SolutionConfigurationPlatforms) = preSolution
		Debug|Any CPU = Debug|Any CPU
		Release|Any CPU = Release|Any CPU
	EndGlobalSection
	GlobalSection(NestedProjects) = preSolution
		{91855A90-82A5-426F-B993-0548C9CAFBA8} = {AE56001D-00AA-447B-8EFE-C5AB4A04B803}
		{67853E3D-4BA5-45EB-9CE7-57DDF7469590} = {AE56001D-00AA-447B-8EFE-C5AB4A04B803}
		{4F8C37BB-0B7C-44B9-A558-336208B96121} = {AE56001D-00AA-447B-8EFE-C5AB4A04B803}
		{ED8CE186-6443-4432-A9CE-EA8364970DB7} = {91855A90-82A5-426F-B993-0548C9CAFBA8}
		{7055293F-A8EF-4979-A9E2-7E6EA9642784} = {67853E3D-4BA5-45EB-9CE7-57DDF7469590}
		{FF00BFF0-8F5C-488C-84F9-DE4E63E14C5A} = {67853E3D-4BA5-45EB-9CE7-57DDF7469590}
		{50AAD317-081E-460D-8B5A-9DB5C4340B33} = {67853E3D-4BA5-45EB-9CE7-57DDF7469590}
		{DFC1D689-9ACE-4007-9506-6FB4ABE8953D} = {7055293F-A8EF-4979-A9E2-7E6EA9642784}
		{DE521DF8-A5D3-43F1-A07A-1EBD4DC4B9EE} = {7055293F-A8EF-4979-A9E2-7E6EA9642784}
		{110D7104-325B-4679-88CC-91844051E0C4} = {FF00BFF0-8F5C-488C-84F9-DE4E63E14C5A}
		{D08DB14F-8FF6-47D3-A297-2A289B5EEF61} = {FF00BFF0-8F5C-488C-84F9-DE4E63E14C5A}
		{E6B3ADCF-F0D6-417D-8793-C99C00C117BA} = {4F8C37BB-0B7C-44B9-A558-336208B96121}
		{A45D037B-15BE-47B1-A18A-C551A7C9C492} = {4F8C37BB-0B7C-44B9-A558-336208B96121}
		{5EC187AA-E98D-44B6-ABCD-449B5F9AB0C0} = {4F8C37BB-0B7C-44B9-A558-336208B96121}
		{39AF37CF-236A-49C7-9DEF-88D7A06766FF} = {E6B3ADCF-F0D6-417D-8793-C99C00C117BA}
		{F418AE16-51DE-4146-B830-290395CC0753} = {E6B3ADCF-F0D6-417D-8793-C99C00C117BA}
		{5E744C07-BC76-450B-BE11-8345DE821880} = {A45D037B-15BE-47B1-A18A-C551A7C9C492}
		{66E3ADCA-925C-4A39-9E62-8E3FBB9D2C62} = {A45D037B-15BE-47B1-A18A-C551A7C9C492}
		{5B9FAFB0-D806-4EDE-A1D1-289DC440CD78} = {FF00BFF0-8F5C-488C-84F9-DE4E63E14C5A}
	EndGlobalSection
	GlobalSection(ProjectConfigurationPlatforms) = postSolution
		{ED8CE186-6443-4432-A9CE-EA8364970DB7}.Debug|Any CPU.ActiveCfg = Debug|Any CPU
		{ED8CE186-6443-4432-A9CE-EA8364970DB7}.Debug|Any CPU.Build.0 = Debug|Any CPU
		{ED8CE186-6443-4432-A9CE-EA8364970DB7}.Release|Any CPU.ActiveCfg = Release|Any CPU
		{ED8CE186-6443-4432-A9CE-EA8364970DB7}.Release|Any CPU.Build.0 = Release|Any CPU
		{50AAD317-081E-460D-8B5A-9DB5C4340B33}.Debug|Any CPU.ActiveCfg = Debug|Any CPU
		{50AAD317-081E-460D-8B5A-9DB5C4340B33}.Debug|Any CPU.Build.0 = Debug|Any CPU
		{50AAD317-081E-460D-8B5A-9DB5C4340B33}.Release|Any CPU.ActiveCfg = Release|Any CPU
		{50AAD317-081E-460D-8B5A-9DB5C4340B33}.Release|Any CPU.Build.0 = Release|Any CPU
		{DFC1D689-9ACE-4007-9506-6FB4ABE8953D}.Debug|Any CPU.ActiveCfg = Debug|Any CPU
		{DFC1D689-9ACE-4007-9506-6FB4ABE8953D}.Debug|Any CPU.Build.0 = Debug|Any CPU
		{DFC1D689-9ACE-4007-9506-6FB4ABE8953D}.Release|Any CPU.ActiveCfg = Release|Any CPU
		{DFC1D689-9ACE-4007-9506-6FB4ABE8953D}.Release|Any CPU.Build.0 = Release|Any CPU
		{DE521DF8-A5D3-43F1-A07A-1EBD4DC4B9EE}.Debug|Any CPU.ActiveCfg = Debug|Any CPU
		{DE521DF8-A5D3-43F1-A07A-1EBD4DC4B9EE}.Debug|Any CPU.Build.0 = Debug|Any CPU
		{DE521DF8-A5D3-43F1-A07A-1EBD4DC4B9EE}.Release|Any CPU.ActiveCfg = Release|Any CPU
		{DE521DF8-A5D3-43F1-A07A-1EBD4DC4B9EE}.Release|Any CPU.Build.0 = Release|Any CPU
		{110D7104-325B-4679-88CC-91844051E0C4}.Debug|Any CPU.ActiveCfg = Debug|Any CPU
		{110D7104-325B-4679-88CC-91844051E0C4}.Debug|Any CPU.Build.0 = Debug|Any CPU
		{110D7104-325B-4679-88CC-91844051E0C4}.Release|Any CPU.ActiveCfg = Release|Any CPU
		{110D7104-325B-4679-88CC-91844051E0C4}.Release|Any CPU.Build.0 = Release|Any CPU
		{D08DB14F-8FF6-47D3-A297-2A289B5EEF61}.Debug|Any CPU.ActiveCfg = Debug|Any CPU
		{D08DB14F-8FF6-47D3-A297-2A289B5EEF61}.Debug|Any CPU.Build.0 = Debug|Any CPU
		{D08DB14F-8FF6-47D3-A297-2A289B5EEF61}.Release|Any CPU.ActiveCfg = Release|Any CPU
		{D08DB14F-8FF6-47D3-A297-2A289B5EEF61}.Release|Any CPU.Build.0 = Release|Any CPU
		{5EC187AA-E98D-44B6-ABCD-449B5F9AB0C0}.Debug|Any CPU.ActiveCfg = Debug|Any CPU
		{5EC187AA-E98D-44B6-ABCD-449B5F9AB0C0}.Debug|Any CPU.Build.0 = Debug|Any CPU
		{5EC187AA-E98D-44B6-ABCD-449B5F9AB0C0}.Release|Any CPU.ActiveCfg = Release|Any CPU
		{5EC187AA-E98D-44B6-ABCD-449B5F9AB0C0}.Release|Any CPU.Build.0 = Release|Any CPU
		{39AF37CF-236A-49C7-9DEF-88D7A06766FF}.Debug|Any CPU.ActiveCfg = Debug|Any CPU
		{39AF37CF-236A-49C7-9DEF-88D7A06766FF}.Debug|Any CPU.Build.0 = Debug|Any CPU
		{39AF37CF-236A-49C7-9DEF-88D7A06766FF}.Release|Any CPU.ActiveCfg = Release|Any CPU
		{39AF37CF-236A-49C7-9DEF-88D7A06766FF}.Release|Any CPU.Build.0 = Release|Any CPU
		{F418AE16-51DE-4146-B830-290395CC0753}.Debug|Any CPU.ActiveCfg = Debug|Any CPU
		{F418AE16-51DE-4146-B830-290395CC0753}.Debug|Any CPU.Build.0 = Debug|Any CPU
		{F418AE16-51DE-4146-B830-290395CC0753}.Release|Any CPU.ActiveCfg = Release|Any CPU
		{F418AE16-51DE-4146-B830-290395CC0753}.Release|Any CPU.Build.0 = Release|Any CPU
		{5E744C07-BC76-450B-BE11-8345DE821880}.Debug|Any CPU.ActiveCfg = Debug|Any CPU
		{5E744C07-BC76-450B-BE11-8345DE821880}.Debug|Any CPU.Build.0 = Debug|Any CPU
		{5E744C07-BC76-450B-BE11-8345DE821880}.Release|Any CPU.ActiveCfg = Release|Any CPU
		{5E744C07-BC76-450B-BE11-8345DE821880}.Release|Any CPU.Build.0 = Release|Any CPU
		{66E3ADCA-925C-4A39-9E62-8E3FBB9D2C62}.Debug|Any CPU.ActiveCfg = Debug|Any CPU
		{66E3ADCA-925C-4A39-9E62-8E3FBB9D2C62}.Debug|Any CPU.Build.0 = Debug|Any CPU
		{66E3ADCA-925C-4A39-9E62-8E3FBB9D2C62}.Release|Any CPU.ActiveCfg = Release|Any CPU
		{66E3ADCA-925C-4A39-9E62-8E3FBB9D2C62}.Release|Any CPU.Build.0 = Release|Any CPU
		{5B9FAFB0-D806-4EDE-A1D1-289DC440CD78}.Debug|Any CPU.ActiveCfg = Debug|Any CPU
		{5B9FAFB0-D806-4EDE-A1D1-289DC440CD78}.Debug|Any CPU.Build.0 = Debug|Any CPU
		{5B9FAFB0-D806-4EDE-A1D1-289DC440CD78}.Release|Any CPU.ActiveCfg = Release|Any CPU
		{5B9FAFB0-D806-4EDE-A1D1-289DC440CD78}.Release|Any CPU.Build.0 = Release|Any CPU
	EndGlobalSection
EndGlobal
